// !$*UTF8*$!
{
	archiveVersion = 1;
	classes = {
	};
	objectVersion = 56;
	objects = {

/* Begin PBXBuildFile section */
		01A000000000000000000101 /* WeatherApp.swift in Sources */ = {isa = PBXBuildFile; fileRef = 01A000000000000000000001 /* WeatherApp.swift */; };
		01A000000000000000000102 /* ContentView.swift in Sources */ = {isa = PBXBuildFile; fileRef = 01A000000000000000000002 /* ContentView.swift */; };
		01A000000000000000000103 /* WeatherViewModel.swift in Sources */ = {isa = PBXBuildFile; fileRef = 01A000000000000000000003 /* WeatherViewModel.swift */; };
		01A000000000000000000104 /* WeatherService.swift in Sources */ = {isa = PBXBuildFile; fileRef = 01A000000000000000000004 /* WeatherService.swift */; };
		01A000000000000000000105 /* LocationManager.swift in Sources */ = {isa = PBXBuildFile; fileRef = 01A000000000000000000005 /* LocationManager.swift */; };
		01A000000000000000000106 /* WeatherModels.swift in Sources */ = {isa = PBXBuildFile; fileRef = 01A000000000000000000006 /* WeatherModels.swift */; };
		01A000000000000000000107 /* Assets.xcassets in Resources */ = {isa = PBXBuildFile; fileRef = 01A000000000000000000007 /* Assets.xcassets */; };
		01A000000000000000000108 /* WeatherLogicTests.swift in Sources */ = {isa = PBXBuildFile; fileRef = 01A000000000000000000008 /* WeatherLogicTests.swift */; };
		01A00000000000000000010A /* CaveatBrush-Regular.ttf in Resources */ = {isa = PBXBuildFile; fileRef = 01A00000000000000000000C /* CaveatBrush-Regular.ttf */; };
/* End PBXBuildFile section */

/* Begin PBXContainerItemProxy section */
		01A000000000000000000201 /* PBXContainerItemProxy */ = {
			isa = PBXContainerItemProxy;
			containerPortal = 01A000000000000000000301 /* Project object */;
			proxyType = 1;
			remoteGlobalIDString = 01A000000000000000000401;
			remoteInfo = WeatherIOS;
		};
/* End PBXContainerItemProxy section */

/* Begin PBXFileReference section */
		01A000000000000000000001 /* WeatherApp.swift */ = {isa = PBXFileReference; lastKnownFileType = sourcecode.swift; path = WeatherApp.swift; sourceTree = "<group>"; };
		01A000000000000000000002 /* ContentView.swift */ = {isa = PBXFileReference; lastKnownFileType = sourcecode.swift; path = ContentView.swift; sourceTree = "<group>"; };
		01A000000000000000000003 /* WeatherViewModel.swift */ = {isa = PBXFileReference; lastKnownFileType = sourcecode.swift; path = WeatherViewModel.swift; sourceTree = "<group>"; };
		01A000000000000000000004 /* WeatherService.swift */ = {isa = PBXFileReference; lastKnownFileType = sourcecode.swift; path = WeatherService.swift; sourceTree = "<group>"; };
		01A000000000000000000005 /* LocationManager.swift */ = {isa = PBXFileReference; lastKnownFileType = sourcecode.swift; path = LocationManager.swift; sourceTree = "<group>"; };
		01A000000000000000000006 /* WeatherModels.swift */ = {isa = PBXFileReference; lastKnownFileType = sourcecode.swift; path = WeatherModels.swift; sourceTree = "<group>"; };
		01A000000000000000000007 /* Assets.xcassets */ = {isa = PBXFileReference; lastKnownFileType = folder.assetcatalog; path = Assets.xcassets; sourceTree = "<group>"; };
		01A000000000000000000008 /* WeatherLogicTests.swift */ = {isa = PBXFileReference; lastKnownFileType = sourcecode.swift; path = WeatherLogicTests.swift; sourceTree = "<group>"; };
		01A000000000000000000009 /* Info.plist */ = {isa = PBXFileReference; lastKnownFileType = text.plist.xml; path = Info.plist; sourceTree = "<group>"; };
		01A00000000000000000000A /* feels.fyi.app */ = {isa = PBXFileReference; explicitFileType = wrapper.application; includeInIndex = 0; path = feels.fyi.app; sourceTree = BUILT_PRODUCTS_DIR; };
		01A00000000000000000000B /* WeatherIOSTests.xctest */ = {isa = PBXFileReference; explicitFileType = wrapper.cfbundle; includeInIndex = 0; path = WeatherIOSTests.xctest; sourceTree = BUILT_PRODUCTS_DIR; };
		01A00000000000000000000C /* CaveatBrush-Regular.ttf */ = {isa = PBXFileReference; lastKnownFileType = file; path = "CaveatBrush-Regular.ttf"; sourceTree = "<group>"; };
/* End PBXFileReference section */

/* Begin PBXFrameworksBuildPhase section */
		01A000000000000000000501 /* Frameworks */ = {
			isa = PBXFrameworksBuildPhase;
			buildActionMask = 2147483647;
			files = (
			);
			runOnlyForDeploymentPostprocessing = 0;
		};
		01A000000000000000000502 /* Frameworks */ = {
			isa = PBXFrameworksBuildPhase;
			buildActionMask = 2147483647;
			files = (
			);
			runOnlyForDeploymentPostprocessing = 0;
		};
/* End PBXFrameworksBuildPhase section */

/* Begin PBXGroup section */
		01A000000000000000000601 = {
			isa = PBXGroup;
			children = (
				01A000000000000000000602 /* WeatherIOS */,
				01A000000000000000000603 /* WeatherIOSTests */,
				01A000000000000000000604 /* Products */,
			);
			sourceTree = "<group>";
		};
		01A000000000000000000602 /* WeatherIOS */ = {
			isa = PBXGroup;
			children = (
				01A000000000000000000001 /* WeatherApp.swift */,
				01A000000000000000000002 /* ContentView.swift */,
				01A000000000000000000003 /* WeatherViewModel.swift */,
				01A000000000000000000004 /* WeatherService.swift */,
				01A000000000000000000005 /* LocationManager.swift */,
				01A000000000000000000006 /* WeatherModels.swift */,
				01A000000000000000000007 /* Assets.xcassets */,
				01A000000000000000000605 /* Fonts */,
				01A000000000000000000009 /* Info.plist */,
			);
			path = WeatherIOS;
			sourceTree = "<group>";
		};
		01A000000000000000000603 /* WeatherIOSTests */ = {
			isa = PBXGroup;
			children = (
				01A000000000000000000008 /* WeatherLogicTests.swift */,
			);
			path = WeatherIOSTests;
			sourceTree = "<group>";
		};
		01A000000000000000000604 /* Products */ = {
			isa = PBXGroup;
			children = (
				01A00000000000000000000A /* feels.fyi.app */,
				01A00000000000000000000B /* WeatherIOSTests.xctest */,
			);
			name = Products;
			sourceTree = "<group>";
		};
		01A000000000000000000605 /* Fonts */ = {
			isa = PBXGroup;
			children = (
				01A00000000000000000000C /* CaveatBrush-Regular.ttf */,
			);
			path = Fonts;
			sourceTree = "<group>";
		};
/* End PBXGroup section */

/* Begin PBXNativeTarget section */
		01A000000000000000000401 /* WeatherIOS */ = {
			isa = PBXNativeTarget;
			buildConfigurationList = 01A000000000000000000701 /* Build configuration list for PBXNativeTarget "WeatherIOS" */;
			buildPhases = (
				01A000000000000000000801 /* Sources */,
				01A000000000000000000501 /* Frameworks */,
				01A000000000000000000901 /* Resources */,
			);
			buildRules = (
			);
			dependencies = (
			);
			name = WeatherIOS;
			productName = WeatherIOS;
			productReference = 01A00000000000000000000A /* feels.fyi.app */;
			productType = "com.apple.product-type.application";
		};
		01A000000000000000000402 /* WeatherIOSTests */ = {
			isa = PBXNativeTarget;
			buildConfigurationList = 01A000000000000000000702 /* Build configuration list for PBXNativeTarget "WeatherIOSTests" */;
			buildPhases = (
				01A000000000000000000802 /* Sources */,
				01A000000000000000000502 /* Frameworks */,
				01A000000000000000000902 /* Resources */,
			);
			buildRules = (
			);
			dependencies = (
				01A000000000000000000202 /* PBXTargetDependency */,
			);
			name = WeatherIOSTests;
			productName = WeatherIOSTests;
			productReference = 01A00000000000000000000B /* WeatherIOSTests.xctest */;
			productType = "com.apple.product-type.bundle.unit-test";
		};
/* End PBXNativeTarget section */

/* Begin PBXProject section */
		01A000000000000000000301 /* Project object */ = {
			isa = PBXProject;
			attributes = {
				BuildIndependentTargetsInParallel = 1;
				LastSwiftUpdateCheck = 1600;
				LastUpgradeCheck = 2650;
				TargetAttributes = {
					01A000000000000000000401 = {
						CreatedOnToolsVersion = 16.0;
					};
					01A000000000000000000402 = {
						CreatedOnToolsVersion = 16.0;
						TestTargetID = 01A000000000000000000401;
					};
				};
			};
			buildConfigurationList = 01A000000000000000000703 /* Build configuration list for PBXProject "WeatherIOS" */;
			compatibilityVersion = "Xcode 14.0";
			developmentRegion = en;
			hasScannedForEncodings = 0;
			knownRegions = (
				en,
				Base,
			);
			mainGroup = 01A000000000000000000601;
			productRefGroup = 01A000000000000000000604 /* Products */;
			projectDirPath = "";
			projectRoot = "";
			targets = (
				01A000000000000000000401 /* WeatherIOS */,
				01A000000000000000000402 /* WeatherIOSTests */,
			);
		};
/* End PBXProject section */

/* Begin PBXResourcesBuildPhase section */
		01A000000000000000000901 /* Resources */ = {
			isa = PBXResourcesBuildPhase;
			buildActionMask = 2147483647;
			files = (
				01A000000000000000000107 /* Assets.xcassets in Resources */,
				01A00000000000000000010A /* CaveatBrush-Regular.ttf in Resources */,
			);
			runOnlyForDeploymentPostprocessing = 0;
		};
		01A000000000000000000902 /* Resources */ = {
			isa = PBXResourcesBuildPhase;
			buildActionMask = 2147483647;
			files = (
			);
			runOnlyForDeploymentPostprocessing = 0;
		};
/* End PBXResourcesBuildPhase section */

/* Begin PBXSourcesBuildPhase section */
		01A000000000000000000801 /* Sources */ = {
			isa = PBXSourcesBuildPhase;
			buildActionMask = 2147483647;
			files = (
				01A000000000000000000101 /* WeatherApp.swift in Sources */,
				01A000000000000000000102 /* ContentView.swift in Sources */,
				01A000000000000000000103 /* WeatherViewModel.swift in Sources */,
				01A000000000000000000104 /* WeatherService.swift in Sources */,
				01A000000000000000000105 /* LocationManager.swift in Sources */,
				01A000000000000000000106 /* WeatherModels.swift in Sources */,
			);
			runOnlyForDeploymentPostprocessing = 0;
		};
		01A000000000000000000802 /* Sources */ = {
			isa = PBXSourcesBuildPhase;
			buildActionMask = 2147483647;
			files = (
				01A000000000000000000108 /* WeatherLogicTests.swift in Sources */,
			);
			runOnlyForDeploymentPostprocessing = 0;
		};
/* End PBXSourcesBuildPhase section */

/* Begin PBXTargetDependency section */
		01A000000000000000000202 /* PBXTargetDependency */ = {
			isa = PBXTargetDependency;
			target = 01A000000000000000000401 /* WeatherIOS */;
			targetProxy = 01A000000000000000000201 /* PBXContainerItemProxy */;
		};
/* End PBXTargetDependency section */

/* Begin XCBuildConfiguration section */
		01A000000000000000000A01 /* Debug */ = {
			isa = XCBuildConfiguration;
			buildSettings = {
				ALWAYS_SEARCH_USER_PATHS = NO;
				ASSETCATALOG_COMPILER_GENERATE_SWIFT_ASSET_SYMBOL_EXTENSIONS = YES;
				CLANG_ANALYZER_NONNULL = YES;
				CLANG_ANALYZER_NUMBER_OBJECT_CONVERSION = YES_AGGRESSIVE;
				CLANG_CXX_LANGUAGE_STANDARD = "gnu++20";
				CLANG_ENABLE_MODULES = YES;
				CLANG_ENABLE_OBJC_ARC = YES;
				CLANG_ENABLE_OBJC_WEAK = YES;
				CLANG_WARN_BLOCK_CAPTURE_AUTORELEASING = YES;
				CLANG_WARN_BOOL_CONVERSION = YES;
				CLANG_WARN_COMMA = YES;
				CLANG_WARN_CONSTANT_CONVERSION = YES;
				CLANG_WARN_DEPRECATED_OBJC_IMPLEMENTATIONS = YES;
				CLANG_WARN_DIRECT_OBJC_ISA_USAGE = YES_ERROR;
				CLANG_WARN_DOCUMENTATION_COMMENTS = YES;
				CLANG_WARN_EMPTY_BODY = YES;
				CLANG_WARN_ENUM_CONVERSION = YES;
				CLANG_WARN_INFINITE_RECURSION = YES;
				CLANG_WARN_INT_CONVERSION = YES;
				CLANG_WARN_NON_LITERAL_NULL_CONVERSION = YES;
				CLANG_WARN_OBJC_IMPLICIT_RETAIN_SELF = YES;
				CLANG_WARN_OBJC_LITERAL_CONVERSION = YES;
				CLANG_WARN_OBJC_ROOT_CLASS = YES_ERROR;
				CLANG_WARN_QUOTED_INCLUDE_IN_FRAMEWORK_HEADER = YES;
				CLANG_WARN_RANGE_LOOP_ANALYSIS = YES;
				CLANG_WARN_STRICT_PROTOTYPES = YES;
				CLANG_WARN_SUSPICIOUS_MOVE = YES;
				CLANG_WARN_UNGUARDED_AVAILABILITY = YES_AGGRESSIVE;
				CLANG_WARN_UNREACHABLE_CODE = YES;
				CLANG_WARN__DUPLICATE_METHOD_MATCH = YES;
				COPY_PHASE_STRIP = NO;
				DEBUG_INFORMATION_FORMAT = dwarf;
				ENABLE_STRICT_OBJC_MSGSEND = YES;
				ENABLE_TESTABILITY = YES;
				ENABLE_USER_SCRIPT_SANDBOXING = YES;
				GCC_C_LANGUAGE_STANDARD = gnu17;
				GCC_DYNAMIC_NO_PIC = NO;
				GCC_NO_COMMON_BLOCKS = YES;
				GCC_OPTIMIZATION_LEVEL = 0;
				GCC_PREPROCESSOR_DEFINITIONS = (
					"DEBUG=1",
					"$(inherited)",
				);
				GCC_WARN_64_TO_32_BIT_CONVERSION = YES;
				GCC_WARN_ABOUT_RETURN_TYPE = YES_ERROR;
				GCC_WARN_UNDECLARED_SELECTOR = YES;
				GCC_WARN_UNINITIALIZED_AUTOS = YES_AGGRESSIVE;
				GCC_WARN_UNUSED_FUNCTION = YES;
				GCC_WARN_UNUSED_VARIABLE = YES;
				IPHONEOS_DEPLOYMENT_TARGET = 17.0;
				MTL_ENABLE_DEBUG_INFO = INCLUDE_SOURCE;
				MTL_FAST_MATH = YES;
				ONLY_ACTIVE_ARCH = YES;
				SDKROOT = iphoneos;
				STRING_CATALOG_GENERATE_SYMBOLS = YES;
				SWIFT_ACTIVE_COMPILATION_CONDITIONS = DEBUG;
				SWIFT_OPTIMIZATION_LEVEL = "-Onone";
			};
			name = Debug;
		};
		01A000000000000000000A02 /* Release */ = {
			isa = XCBuildConfiguration;
			buildSettings = {
				ALWAYS_SEARCH_USER_PATHS = NO;
				ASSETCATALOG_COMPILER_GENERATE_SWIFT_ASSET_SYMBOL_EXTENSIONS = YES;
				CLANG_ANALYZER_NONNULL = YES;
				CLANG_ANALYZER_NUMBER_OBJECT_CONVERSION = YES_AGGRESSIVE;
				CLANG_CXX_LANGUAGE_STANDARD = "gnu++20";
				CLANG_ENABLE_MODULES = YES;
				CLANG_ENABLE_OBJC_ARC = YES;
				CLANG_ENABLE_OBJC_WEAK = YES;
				CLANG_WARN_BLOCK_CAPTURE_AUTORELEASING = YES;
				CLANG_WARN_BOOL_CONVERSION = YES;
				CLANG_WARN_COMMA = YES;
				CLANG_WARN_CONSTANT_CONVERSION = YES;
				CLANG_WARN_DEPRECATED_OBJC_IMPLEMENTATIONS = YES;
				CLANG_WARN_DIRECT_OBJC_ISA_USAGE = YES_ERROR;
				CLANG_WARN_DOCUMENTATION_COMMENTS = YES;
				CLANG_WARN_EMPTY_BODY = YES;
				CLANG_WARN_ENUM_CONVERSION = YES;
				CLANG_WARN_INFINITE_RECURSION = YES;
				CLANG_WARN_INT_CONVERSION = YES;
				CLANG_WARN_NON_LITERAL_NULL_CONVERSION = YES;
				CLANG_WARN_OBJC_IMPLICIT_RETAIN_SELF = YES;
				CLANG_WARN_OBJC_LITERAL_CONVERSION = YES;
				CLANG_WARN_OBJC_ROOT_CLASS = YES_ERROR;
				CLANG_WARN_QUOTED_INCLUDE_IN_FRAMEWORK_HEADER = YES;
				CLANG_WARN_RANGE_LOOP_ANALYSIS = YES;
				CLANG_WARN_STRICT_PROTOTYPES = YES;
				CLANG_WARN_SUSPICIOUS_MOVE = YES;
				CLANG_WARN_UNGUARDED_AVAILABILITY = YES_AGGRESSIVE;
				CLANG_WARN_UNREACHABLE_CODE = YES;
				CLANG_WARN__DUPLICATE_METHOD_MATCH = YES;
				COPY_PHASE_STRIP = NO;
				DEBUG_INFORMATION_FORMAT = "dwarf-with-dsym";
				ENABLE_NS_ASSERTIONS = NO;
				ENABLE_STRICT_OBJC_MSGSEND = YES;
				ENABLE_USER_SCRIPT_SANDBOXING = YES;
				GCC_C_LANGUAGE_STANDARD = gnu17;
				GCC_NO_COMMON_BLOCKS = YES;
				GCC_WARN_64_TO_32_BIT_CONVERSION = YES;
				GCC_WARN_ABOUT_RETURN_TYPE = YES_ERROR;
				GCC_WARN_UNDECLARED_SELECTOR = YES;
				GCC_WARN_UNINITIALIZED_AUTOS = YES_AGGRESSIVE;
				GCC_WARN_UNUSED_FUNCTION = YES;
				GCC_WARN_UNUSED_VARIABLE = YES;
				IPHONEOS_DEPLOYMENT_TARGET = 17.0;
				MTL_ENABLE_DEBUG_INFO = NO;
				MTL_FAST_MATH = YES;
				SDKROOT = iphoneos;
				STRING_CATALOG_GENERATE_SYMBOLS = YES;
				SWIFT_COMPILATION_MODE = wholemodule;
				SWIFT_OPTIMIZATION_LEVEL = "-O";
				VALIDATE_PRODUCT = YES;
			};
			name = Release;
		};
		01A000000000000000000B01 /* Debug */ = {
			isa = XCBuildConfiguration;
			buildSettings = {
				ASSETCATALOG_COMPILER_APPICON_NAME = AppIcon;
				CODE_SIGN_STYLE = Automatic;
				CURRENT_PROJECT_VERSION = 1;
				DEVELOPMENT_ASSET_PATHS = "";
				DEVELOPMENT_TEAM = KD86X8TWM2;
				GENERATE_INFOPLIST_FILE = NO;
				INFOPLIST_FILE = WeatherIOS/Info.plist;
				IPHONEOS_DEPLOYMENT_TARGET = 17.0;
				LD_RUNPATH_SEARCH_PATHS = (
					"$(inherited)",
					"@executable_path/Frameworks",
				);
				MARKETING_VERSION = 1.0;
				PRODUCT_BUNDLE_IDENTIFIER = fyi.feels.weather;
				PRODUCT_NAME = feels.fyi;
				SWIFT_EMIT_LOC_STRINGS = YES;
				SWIFT_VERSION = 5.0;
				TARGETED_DEVICE_FAMILY = 1;
			};
			name = Debug;
		};
		01A000000000000000000B02 /* Release */ = {
			isa = XCBuildConfiguration;
			buildSettings = {
				ASSETCATALOG_COMPILER_APPICON_NAME = AppIcon;
				CODE_SIGN_STYLE = Automatic;
				CURRENT_PROJECT_VERSION = 1;
				DEVELOPMENT_ASSET_PATHS = "";
				DEVELOPMENT_TEAM = KD86X8TWM2;
				GENERATE_INFOPLIST_FILE = NO;
				INFOPLIST_FILE = WeatherIOS/Info.plist;
				IPHONEOS_DEPLOYMENT_TARGET = 17.0;
				LD_RUNPATH_SEARCH_PATHS = (
					"$(inherited)",
					"@executable_path/Frameworks",
				);
				MARKETING_VERSION = 1.0;
				PRODUCT_BUNDLE_IDENTIFIER = fyi.feels.weather;
				PRODUCT_NAME = feels.fyi;
				SWIFT_EMIT_LOC_STRINGS = YES;
				SWIFT_VERSION = 5.0;
				TARGETED_DEVICE_FAMILY = 1;
			};
			name = Release;
		};
		01A000000000000000000C01 /* Debug */ = {
			isa = XCBuildConfiguration;
			buildSettings = {
				BUNDLE_LOADER = "$(TEST_HOST)";
				CODE_SIGN_STYLE = Automatic;
				CURRENT_PROJECT_VERSION = 1;
				DEVELOPMENT_TEAM = "";
				GENERATE_INFOPLIST_FILE = YES;
				IPHONEOS_DEPLOYMENT_TARGET = 17.0;
				LD_RUNPATH_SEARCH_PATHS = (
					"$(inherited)",
					"@executable_path/Frameworks",
					"@loader_path/Frameworks",
				);
				MARKETING_VERSION = 1.0;
				PRODUCT_BUNDLE_IDENTIFIER = fyi.feels.weather.tests;
				PRODUCT_NAME = "$(TARGET_NAME)";
				SWIFT_VERSION = 5.0;
				TARGETED_DEVICE_FAMILY = 1;
				TEST_HOST = "$(BUILT_PRODUCTS_DIR)/WeatherIOS.app/$(BUNDLE_EXECUTABLE_FOLDER_PATH)/WeatherIOS";
			};
			name = Debug;
		};
		01A000000000000000000C02 /* Release */ = {
			isa = XCBuildConfiguration;
			buildSettings = {
				BUNDLE_LOADER = "$(TEST_HOST)";
				CODE_SIGN_STYLE = Automatic;
				CURRENT_PROJECT_VERSION = 1;
				DEVELOPMENT_TEAM = "";
				GENERATE_INFOPLIST_FILE = YES;
				IPHONEOS_DEPLOYMENT_TARGET = 17.0;
				LD_RUNPATH_SEARCH_PATHS = (
					"$(inherited)",
					"@executable_path/Frameworks",
					"@loader_path/Frameworks",
				);
				MARKETING_VERSION = 1.0;
				PRODUCT_BUNDLE_IDENTIFIER = fyi.feels.weather.tests;
				PRODUCT_NAME = "$(TARGET_NAME)";
				SWIFT_VERSION = 5.0;
				TARGETED_DEVICE_FAMILY = 1;
				TEST_HOST = "$(BUILT_PRODUCTS_DIR)/WeatherIOS.app/$(BUNDLE_EXECUTABLE_FOLDER_PATH)/WeatherIOS";
			};
			name = Release;
		};
/* End XCBuildConfiguration section */

/* Begin XCConfigurationList section */
		01A000000000000000000701 /* Build configuration list for PBXNativeTarget "WeatherIOS" */ = {
			isa = XCConfigurationList;
			buildConfigurations = (
				01A000000000000000000B01 /* Debug */,
				01A000000000000000000B02 /* Release */,
			);
			defaultConfigurationIsVisible = 0;
			defaultConfigurationName = Release;
		};
		01A000000000000000000702 /* Build configuration list for PBXNativeTarget "WeatherIOSTests" */ = {
			isa = XCConfigurationList;
			buildConfigurations = (
				01A000000000000000000C01 /* Debug */,
				01A000000000000000000C02 /* Release */,
			);
			defaultConfigurationIsVisible = 0;
			defaultConfigurationName = Release;
		};
		01A000000000000000000703 /* Build configuration list for PBXProject "WeatherIOS" */ = {
			isa = XCConfigurationList;
			buildConfigurations = (
				01A000000000000000000A01 /* Debug */,
				01A000000000000000000A02 /* Release */,
			);
			defaultConfigurationIsVisible = 0;
			defaultConfigurationName = Release;
		};
/* End XCConfigurationList section */
	};
	rootObject = 01A000000000000000000301 /* Project object */;
}
